Microsoft Visual Studio Solution File, Format Version 12.00
# Visual Studio Version 17
VisualStudioVersion = 17.5.2.0
MinimumVisualStudioVersion = 10.0.40219.1
Project("{FAE04EC0-301F-11D3-BF4B-00C04F79EFBC}") = "pokemon_exercise", "pokemon_exercise.csproj", "{0A5954D2-DD1E-3B7D-C926-6714C1A95D16}"
EndProject
Global
	GlobalSection(SolutionConfigurationPlatforms) = preSolution
		Debug|Any CPU = Debug|Any CPU
		Release|Any CPU = Release|Any CPU
	EndGlobalSection
	GlobalSection(ProjectConfigurationPlatforms) = postSolution
		{0A5954D2-DD1E-3B7D-C926-6714C1A95D16}.Debug|Any CPU.ActiveCfg = Debug|Any CPU
		{0A5954D2-DD1E-3B7D-C926-6714C1A95D16}.Debug|Any CPU.Build.0 = Debug|Any CPU
		{0A5954D2-DD1E-3B7D-C926-6714C1A95D16}.Release|Any CPU.ActiveCfg = Release|Any CPU
		{0A5954D2-DD1E-3B7D-C926-6714C1A95D16}.Release|Any CPU.Build.0 = Release|Any CPU
	EndGlobalSection
	GlobalSection(SolutionProperties) = preSolution
		HideSolutionNode = FALSE
	EndGlobalSection
	GlobalSection(ExtensibilityGlobals) = postSolution
		SolutionGuid = {FE39307D-0D68-49F2-A78E-AD41539375B9}
	EndGlobalSection
EndGlobal
